PODS:
  - AWSCognito (2.3.1):
    - AWSCore (= 2.3.1)
  - AWSCore (2.3.1)
  - AWSS3 (2.3.1):
    - AWSCore (= 2.3.1)
  - Crashlytics (3.4.1):
    - Fabric (~> 1.6.0)
  - Fabric (1.6.1)
  - JSQSystemSoundPlayer (4.3.0)
  - Kingfisher (1.9.0)
  - MBProgressHUD (0.9.1)

DEPENDENCIES:
  - AWSCognito
  - AWSCore
  - AWSS3
  - Crashlytics
  - Fabric
  - JSQSystemSoundPlayer
  - Kingfisher (~> 1.9)
  - MBProgressHUD (~> 0.9.1)

SPEC CHECKSUMS:
  AWSCognito: 6f153e3f5fa2ca14b883490cfcb3e48455b64a4b
  AWSCore: 7ad34b4bc285b778a3df699cb6f00aad3d1c446f
  AWSS3: b7f4a0ad4da6dcc172e757dcb2b2423d26b32325
  Crashlytics: 41574a245bc6ae10c55d57f385ebd2004e5bee05
  Fabric: bf0ceb04e7c924090efc5f8c55e4fbcca189e0a0
  JSQSystemSoundPlayer: 8021a6c823a8d83372c703f49ef7d1f31e7647ff
  Kingfisher: 163bafc1af6ae14d707e76ecba256d8db99dc955
  MBProgressHUD: c47f2c166c126cf2ce36498d80f33e754d4e93ad

COCOAPODS: 0.39.0
