// !$*UTF8*$!
{
	archiveVersion = 1;
	classes = {
	};
	objectVersion = 46;
	objects = {

/* Begin PBXBuildFile section */
		D45FBD3F1BFD024100E79B4E /* MessageToolbarContentView.xib in Resources */ = {isa = PBXBuildFile; fileRef = D4A9F5A91BFC48BC00FA4444 /* MessageToolbarContentView.xib */; };
		D45FBD411BFD654100E79B4E /* MessageKeyboardController.swift in Sources */ = {isa = PBXBuildFile; fileRef = D45FBD401BFD654100E79B4E /* MessageKeyboardController.swift */; };
		D45FBD431BFDB1B300E79B4E /* GGConfig.swift in Sources */ = {isa = PBXBuildFile; fileRef = D45FBD421BFDB1B300E79B4E /* GGConfig.swift */; };
		D45FBD451BFE894F00E79B4E /* MediaItem.swift in Sources */ = {isa = PBXBuildFile; fileRef = D45FBD441BFE894F00E79B4E /* MediaItem.swift */; };
		D45FBD471BFE910D00E79B4E /* PhotoMediaItem.swift in Sources */ = {isa = PBXBuildFile; fileRef = D45FBD461BFE910D00E79B4E /* PhotoMediaItem.swift */; };
		D45FBD491BFE9AB700E79B4E /* MessageMediaViewBubbleImageMasker.swift in Sources */ = {isa = PBXBuildFile; fileRef = D45FBD481BFE9AB700E79B4E /* MessageMediaViewBubbleImageMasker.swift */; };
		D45FBD4D1BFE9E3400E79B4E /* MessageMediaPlaceholderView.swift in Sources */ = {isa = PBXBuildFile; fileRef = D45FBD4C1BFE9E3400E79B4E /* MessageMediaPlaceholderView.swift */; };
		D45FBD4F1BFEB4A600E79B4E /* LocationMediaItem.swift in Sources */ = {isa = PBXBuildFile; fileRef = D45FBD4E1BFEB4A600E79B4E /* LocationMediaItem.swift */; };
		D45FBD511BFED00500E79B4E /* VideoMediaItem.swift in Sources */ = {isa = PBXBuildFile; fileRef = D45FBD501BFED00500E79B4E /* VideoMediaItem.swift */; };
		D45FBD5C1BFFC9B100E79B4E /* Chat.swift in Sources */ = {isa = PBXBuildFile; fileRef = D45FBD5B1BFFC9B100E79B4E /* Chat.swift */; };
		D45FBD5E1C04432900E79B4E /* ChatTableViewController.swift in Sources */ = {isa = PBXBuildFile; fileRef = D45FBD5D1C04432900E79B4E /* ChatTableViewController.swift */; };
		D45FBD601C0443E000E79B4E /* ChatTableViewCell.swift in Sources */ = {isa = PBXBuildFile; fileRef = D45FBD5F1C0443E000E79B4E /* ChatTableViewCell.swift */; };
		D45FBD631C04972200E79B4E /* SettingTableViewController.swift in Sources */ = {isa = PBXBuildFile; fileRef = D45FBD621C04972200E79B4E /* SettingTableViewController.swift */; };
		D45FBD651C0497B300E79B4E /* ContactTableViewController.swift in Sources */ = {isa = PBXBuildFile; fileRef = D45FBD641C0497B300E79B4E /* ContactTableViewController.swift */; };
		D45FBD671C05478400E79B4E /* NewMessageTableViewController.swift in Sources */ = {isa = PBXBuildFile; fileRef = D45FBD661C05478400E79B4E /* NewMessageTableViewController.swift */; };
		D45FBD6A1C05499000E79B4E /* ContactTableViewCell.swift in Sources */ = {isa = PBXBuildFile; fileRef = D45FBD681C05499000E79B4E /* ContactTableViewCell.swift */; };
		D45FBD6C1C054EE200E79B4E /* ContactTableViewCell.xib in Resources */ = {isa = PBXBuildFile; fileRef = D45FBD691C05499000E79B4E /* ContactTableViewCell.xib */; };
		D45FBD6E1C05525200E79B4E /* Contact.swift in Sources */ = {isa = PBXBuildFile; fileRef = D45FBD6D1C05525200E79B4E /* Contact.swift */; };
		D45FBD721C0561D500E79B4E /* SettingTableViewCell.swift in Sources */ = {isa = PBXBuildFile; fileRef = D45FBD711C0561D500E79B4E /* SettingTableViewCell.swift */; };
		D45FBD741C056A3F00E79B4E /* GGSettingData.swift in Sources */ = {isa = PBXBuildFile; fileRef = D45FBD731C056A3F00E79B4E /* GGSettingData.swift */; };
		D45FBD761C05721D00E79B4E /* Setting.swift in Sources */ = {isa = PBXBuildFile; fileRef = D45FBD751C05721D00E79B4E /* Setting.swift */; };
		D45FBD781C05754400E79B4E /* SettingTableHeaderCell.swift in Sources */ = {isa = PBXBuildFile; fileRef = D45FBD771C05754400E79B4E /* SettingTableHeaderCell.swift */; };
		D4683E561BF0486F00E02886 /* AppDelegate.swift in Sources */ = {isa = PBXBuildFile; fileRef = D4683E551BF0486F00E02886 /* AppDelegate.swift */; };
		D4683E581BF0486F00E02886 /* ViewController.swift in Sources */ = {isa = PBXBuildFile; fileRef = D4683E571BF0486F00E02886 /* ViewController.swift */; };
		D4683E5B1BF0486F00E02886 /* Main.storyboard in Resources */ = {isa = PBXBuildFile; fileRef = D4683E591BF0486F00E02886 /* Main.storyboard */; };
		D4683E5D1BF0486F00E02886 /* Assets.xcassets in Resources */ = {isa = PBXBuildFile; fileRef = D4683E5C1BF0486F00E02886 /* Assets.xcassets */; };
		D4683E601BF0486F00E02886 /* LaunchScreen.storyboard in Resources */ = {isa = PBXBuildFile; fileRef = D4683E5E1BF0486F00E02886 /* LaunchScreen.storyboard */; };
		D4683E6B1BF0486F00E02886 /* ggchatTests.swift in Sources */ = {isa = PBXBuildFile; fileRef = D4683E6A1BF0486F00E02886 /* ggchatTests.swift */; };
		D4683E761BF0486F00E02886 /* ggchatUITests.swift in Sources */ = {isa = PBXBuildFile; fileRef = D4683E751BF0486F00E02886 /* ggchatUITests.swift */; };
		D4683E861BF0494B00E02886 /* Message.swift in Sources */ = {isa = PBXBuildFile; fileRef = D4683E851BF0494B00E02886 /* Message.swift */; };
		D4683E8A1BF04C6C00E02886 /* MessageMediaData.swift in Sources */ = {isa = PBXBuildFile; fileRef = D4683E891BF04C6C00E02886 /* MessageMediaData.swift */; };
		D4683E921BF050A200E02886 /* MessagesCollectionView.swift in Sources */ = {isa = PBXBuildFile; fileRef = D4683E911BF050A200E02886 /* MessagesCollectionView.swift */; };
		D478409F1BF067D300441A2D /* MessageBubbleImage.swift in Sources */ = {isa = PBXBuildFile; fileRef = D478409E1BF067D300441A2D /* MessageBubbleImage.swift */; };
		D47840A11BF0684200441A2D /* MessageAvatarImage.swift in Sources */ = {isa = PBXBuildFile; fileRef = D47840A01BF0684200441A2D /* MessageAvatarImage.swift */; };
		D47840A41BF176D900441A2D /* MessageBubbleImageFactory.swift in Sources */ = {isa = PBXBuildFile; fileRef = D47840A31BF176D900441A2D /* MessageBubbleImageFactory.swift */; };
		D47840A71BF1AD8100441A2D /* UIColor+Messages.swift in Sources */ = {isa = PBXBuildFile; fileRef = D47840A61BF1AD8100441A2D /* UIColor+Messages.swift */; };
		D47840AA1BF1B67800441A2D /* UIImage+Messages.swift in Sources */ = {isa = PBXBuildFile; fileRef = D47840A91BF1B67800441A2D /* UIImage+Messages.swift */; };
		D47840AD1BF1B99C00441A2D /* GGMessagesAssets.bundle in Resources */ = {isa = PBXBuildFile; fileRef = D47840AC1BF1B99C00441A2D /* GGMessagesAssets.bundle */; };
		D47840B01BF1BA4A00441A2D /* NSBundle+Messages.swift in Sources */ = {isa = PBXBuildFile; fileRef = D47840AF1BF1BA4A00441A2D /* NSBundle+Messages.swift */; };
		D4A9F4E41BF1E1BF00FA4444 /* MessageLabel.swift in Sources */ = {isa = PBXBuildFile; fileRef = D4A9F4E31BF1E1BF00FA4444 /* MessageLabel.swift */; };
		D4A9F4E61BF26CDE00FA4444 /* MessageCellTextView.swift in Sources */ = {isa = PBXBuildFile; fileRef = D4A9F4E51BF26CDE00FA4444 /* MessageCellTextView.swift */; };
		D4A9F4E81BF2778A00FA4444 /* MessagesCollectionViewCell.swift in Sources */ = {isa = PBXBuildFile; fileRef = D4A9F4E71BF2778A00FA4444 /* MessagesCollectionViewCell.swift */; };
		D4A9F4EF1BF27A3C00FA4444 /* IncomingMessagesCollectionViewCell.swift in Sources */ = {isa = PBXBuildFile; fileRef = D4A9F4ED1BF27A3C00FA4444 /* IncomingMessagesCollectionViewCell.swift */; };
		D4A9F4F01BF27A3C00FA4444 /* IncomingMessagesCollectionViewCell.xib in Resources */ = {isa = PBXBuildFile; fileRef = D4A9F4EE1BF27A3C00FA4444 /* IncomingMessagesCollectionViewCell.xib */; };
		D4A9F4F31BF2AF0100FA4444 /* OutgoingMessagesCollectionViewCell.swift in Sources */ = {isa = PBXBuildFile; fileRef = D4A9F4F11BF2AF0100FA4444 /* OutgoingMessagesCollectionViewCell.swift */; };
		D4A9F4F41BF2AF0100FA4444 /* OutgoingMessagesCollectionViewCell.xib in Resources */ = {isa = PBXBuildFile; fileRef = D4A9F4F21BF2AF0100FA4444 /* OutgoingMessagesCollectionViewCell.xib */; };
		D4A9F4F61BF2ED2A00FA4444 /* UIDevice+Messages.swift in Sources */ = {isa = PBXBuildFile; fileRef = D4A9F4F51BF2ED2A00FA4444 /* UIDevice+Messages.swift */; };
		D4A9F4F81BF2F36800FA4444 /* UIView+Messages.swift in Sources */ = {isa = PBXBuildFile; fileRef = D4A9F4F71BF2F36800FA4444 /* UIView+Messages.swift */; };
		D4A9F4FA1BF2FB8900FA4444 /* GGModelData.swift in Sources */ = {isa = PBXBuildFile; fileRef = D4A9F4F91BF2FB8900FA4444 /* GGModelData.swift */; };
		D4A9F4FC1BF31C8800FA4444 /* MessageAvatarImageFactory.swift in Sources */ = {isa = PBXBuildFile; fileRef = D4A9F4FB1BF31C8800FA4444 /* MessageAvatarImageFactory.swift */; };
		D4A9F5071BF476E600FA4444 /* MessagesCollectionViewFlowLayout.swift in Sources */ = {isa = PBXBuildFile; fileRef = D4A9F5061BF476E600FA4444 /* MessagesCollectionViewFlowLayout.swift */; };
		D4A9F5091BF510E000FA4444 /* MessagesCollectionViewFlowLayoutInvalidationContext.swift in Sources */ = {isa = PBXBuildFile; fileRef = D4A9F5081BF510E000FA4444 /* MessagesCollectionViewFlowLayoutInvalidationContext.swift */; };
		D4A9F50B1BF52A1600FA4444 /* MessagesCollectionViewLayoutAttributes.swift in Sources */ = {isa = PBXBuildFile; fileRef = D4A9F50A1BF52A1600FA4444 /* MessagesCollectionViewLayoutAttributes.swift */; };
		D4A9F50D1BF52A7C00FA4444 /* MessageBubbleSizeCalculator.swift in Sources */ = {isa = PBXBuildFile; fileRef = D4A9F50C1BF52A7C00FA4444 /* MessageBubbleSizeCalculator.swift */; };
		D4A9F5121BF9731300FA4444 /* MessageInputToolbar.swift in Sources */ = {isa = PBXBuildFile; fileRef = D4A9F5111BF9731300FA4444 /* MessageInputToolbar.swift */; };
		D4A9F51C1BFA95F500FA4444 /* MessageViewController.swift in Sources */ = {isa = PBXBuildFile; fileRef = D4A9F51A1BFA95F500FA4444 /* MessageViewController.swift */; };
		D4A9F51D1BFA95F500FA4444 /* MessageViewController.xib in Resources */ = {isa = PBXBuildFile; fileRef = D4A9F51B1BFA95F500FA4444 /* MessageViewController.xib */; };
		D4A9F51F1BFA9EAE00FA4444 /* GGMessageViewController.swift in Sources */ = {isa = PBXBuildFile; fileRef = D4A9F51E1BFA9EAE00FA4444 /* GGMessageViewController.swift */; };
		D4A9F5231BFBC22700FA4444 /* MessageTimestampFormatter.swift in Sources */ = {isa = PBXBuildFile; fileRef = D4A9F5221BFBC22700FA4444 /* MessageTimestampFormatter.swift */; };
		D4A9F59F1BFC182600FA4444 /* MessageTypingIndicatorFooterView.swift in Sources */ = {isa = PBXBuildFile; fileRef = D4A9F59D1BFC182600FA4444 /* MessageTypingIndicatorFooterView.swift */; };
		D4A9F5A01BFC182600FA4444 /* MessageTypingIndicatorFooterView.xib in Resources */ = {isa = PBXBuildFile; fileRef = D4A9F59E1BFC182600FA4444 /* MessageTypingIndicatorFooterView.xib */; };
		D4A9F5A31BFC3B1F00FA4444 /* MessageLoadEarlierHeaderView.swift in Sources */ = {isa = PBXBuildFile; fileRef = D4A9F5A11BFC3B1F00FA4444 /* MessageLoadEarlierHeaderView.swift */; };
		D4A9F5A41BFC3B1F00FA4444 /* MessageLoadEarlierHeaderView.xib in Resources */ = {isa = PBXBuildFile; fileRef = D4A9F5A21BFC3B1F00FA4444 /* MessageLoadEarlierHeaderView.xib */; };
		D4A9F5AC1BFC48CD00FA4444 /* MessageToolbarContentView.swift in Sources */ = {isa = PBXBuildFile; fileRef = D4A9F5AB1BFC48CD00FA4444 /* MessageToolbarContentView.swift */; };
		D4A9F5AE1BFC51C000FA4444 /* MessageComposerTextView.swift in Sources */ = {isa = PBXBuildFile; fileRef = D4A9F5AD1BFC51C000FA4444 /* MessageComposerTextView.swift */; };
		D4A9F5B01BFC59BD00FA4444 /* String+Messages.swift in Sources */ = {isa = PBXBuildFile; fileRef = D4A9F5AF1BFC59BD00FA4444 /* String+Messages.swift */; };
		D4A9F5B21BFCEE7900FA4444 /* MessageToolbarButtonFactory.swift in Sources */ = {isa = PBXBuildFile; fileRef = D4A9F5B11BFCEE7900FA4444 /* MessageToolbarButtonFactory.swift */; };
/* End PBXBuildFile section */

/* Begin PBXContainerItemProxy section */
		D4683E671BF0486F00E02886 /* PBXContainerItemProxy */ = {
			isa = PBXContainerItemProxy;
			containerPortal = D4683E4A1BF0486F00E02886 /* Project object */;
			proxyType = 1;
			remoteGlobalIDString = D4683E511BF0486F00E02886;
			remoteInfo = ggchat;
		};
		D4683E721BF0486F00E02886 /* PBXContainerItemProxy */ = {
			isa = PBXContainerItemProxy;
			containerPortal = D4683E4A1BF0486F00E02886 /* Project object */;
			proxyType = 1;
			remoteGlobalIDString = D4683E511BF0486F00E02886;
			remoteInfo = ggchat;
		};
/* End PBXContainerItemProxy section */

/* Begin PBXFileReference section */
		D45FBD401BFD654100E79B4E /* MessageKeyboardController.swift */ = {isa = PBXFileReference; fileEncoding = 4; lastKnownFileType = sourcecode.swift; path = MessageKeyboardController.swift; sourceTree = "<group>"; };
		D45FBD421BFDB1B300E79B4E /* GGConfig.swift */ = {isa = PBXFileReference; fileEncoding = 4; lastKnownFileType = sourcecode.swift; path = GGConfig.swift; sourceTree = "<group>"; };
		D45FBD441BFE894F00E79B4E /* MediaItem.swift */ = {isa = PBXFileReference; fileEncoding = 4; lastKnownFileType = sourcecode.swift; path = MediaItem.swift; sourceTree = "<group>"; };
		D45FBD461BFE910D00E79B4E /* PhotoMediaItem.swift */ = {isa = PBXFileReference; fileEncoding = 4; lastKnownFileType = sourcecode.swift; path = PhotoMediaItem.swift; sourceTree = "<group>"; };
		D45FBD481BFE9AB700E79B4E /* MessageMediaViewBubbleImageMasker.swift */ = {isa = PBXFileReference; fileEncoding = 4; lastKnownFileType = sourcecode.swift; path = MessageMediaViewBubbleImageMasker.swift; sourceTree = "<group>"; };
		D45FBD4C1BFE9E3400E79B4E /* MessageMediaPlaceholderView.swift */ = {isa = PBXFileReference; fileEncoding = 4; lastKnownFileType = sourcecode.swift; path = MessageMediaPlaceholderView.swift; sourceTree = "<group>"; };
		D45FBD4E1BFEB4A600E79B4E /* LocationMediaItem.swift */ = {isa = PBXFileReference; fileEncoding = 4; lastKnownFileType = sourcecode.swift; path = LocationMediaItem.swift; sourceTree = "<group>"; };
		D45FBD501BFED00500E79B4E /* VideoMediaItem.swift */ = {isa = PBXFileReference; fileEncoding = 4; lastKnownFileType = sourcecode.swift; path = VideoMediaItem.swift; sourceTree = "<group>"; };
		D45FBD5B1BFFC9B100E79B4E /* Chat.swift */ = {isa = PBXFileReference; fileEncoding = 4; lastKnownFileType = sourcecode.swift; path = Chat.swift; sourceTree = "<group>"; };
		D45FBD5D1C04432900E79B4E /* ChatTableViewController.swift */ = {isa = PBXFileReference; fileEncoding = 4; lastKnownFileType = sourcecode.swift; path = ChatTableViewController.swift; sourceTree = "<group>"; };
		D45FBD5F1C0443E000E79B4E /* ChatTableViewCell.swift */ = {isa = PBXFileReference; fileEncoding = 4; lastKnownFileType = sourcecode.swift; path = ChatTableViewCell.swift; sourceTree = "<group>"; };
		D45FBD621C04972200E79B4E /* SettingTableViewController.swift */ = {isa = PBXFileReference; fileEncoding = 4; lastKnownFileType = sourcecode.swift; path = SettingTableViewController.swift; sourceTree = "<group>"; };
		D45FBD641C0497B300E79B4E /* ContactTableViewController.swift */ = {isa = PBXFileReference; fileEncoding = 4; lastKnownFileType = sourcecode.swift; path = ContactTableViewController.swift; sourceTree = "<group>"; };
		D45FBD661C05478400E79B4E /* NewMessageTableViewController.swift */ = {isa = PBXFileReference; fileEncoding = 4; lastKnownFileType = sourcecode.swift; path = NewMessageTableViewController.swift; sourceTree = "<group>"; };
		D45FBD681C05499000E79B4E /* ContactTableViewCell.swift */ = {isa = PBXFileReference; fileEncoding = 4; lastKnownFileType = sourcecode.swift; path = ContactTableViewCell.swift; sourceTree = "<group>"; };
		D45FBD691C05499000E79B4E /* ContactTableViewCell.xib */ = {isa = PBXFileReference; fileEncoding = 4; lastKnownFileType = file.xib; path = ContactTableViewCell.xib; sourceTree = "<group>"; };
		D45FBD6D1C05525200E79B4E /* Contact.swift */ = {isa = PBXFileReference; fileEncoding = 4; lastKnownFileType = sourcecode.swift; path = Contact.swift; sourceTree = "<group>"; };
		D45FBD711C0561D500E79B4E /* SettingTableViewCell.swift */ = {isa = PBXFileReference; fileEncoding = 4; lastKnownFileType = sourcecode.swift; path = SettingTableViewCell.swift; sourceTree = "<group>"; };
		D45FBD731C056A3F00E79B4E /* GGSettingData.swift */ = {isa = PBXFileReference; fileEncoding = 4; lastKnownFileType = sourcecode.swift; path = GGSettingData.swift; sourceTree = "<group>"; };
		D45FBD751C05721D00E79B4E /* Setting.swift */ = {isa = PBXFileReference; fileEncoding = 4; lastKnownFileType = sourcecode.swift; path = Setting.swift; sourceTree = "<group>"; };
		D45FBD771C05754400E79B4E /* SettingTableHeaderCell.swift */ = {isa = PBXFileReference; fileEncoding = 4; lastKnownFileType = sourcecode.swift; path = SettingTableHeaderCell.swift; sourceTree = "<group>"; };
		D4683E521BF0486F00E02886 /* ggchat.app */ = {isa = PBXFileReference; explicitFileType = wrapper.application; includeInIndex = 0; path = ggchat.app; sourceTree = BUILT_PRODUCTS_DIR; };
		D4683E551BF0486F00E02886 /* AppDelegate.swift */ = {isa = PBXFileReference; lastKnownFileType = sourcecode.swift; path = AppDelegate.swift; sourceTree = "<group>"; };
		D4683E571BF0486F00E02886 /* ViewController.swift */ = {isa = PBXFileReference; lastKnownFileType = sourcecode.swift; path = ViewController.swift; sourceTree = "<group>"; };
		D4683E5A1BF0486F00E02886 /* Base */ = {isa = PBXFileReference; lastKnownFileType = file.storyboard; name = Base; path = Base.lproj/Main.storyboard; sourceTree = "<group>"; };
		D4683E5C1BF0486F00E02886 /* Assets.xcassets */ = {isa = PBXFileReference; lastKnownFileType = folder.assetcatalog; path = Assets.xcassets; sourceTree = "<group>"; };
		D4683E5F1BF0486F00E02886 /* Base */ = {isa = PBXFileReference; lastKnownFileType = file.storyboard; name = Base; path = Base.lproj/LaunchScreen.storyboard; sourceTree = "<group>"; };
		D4683E611BF0486F00E02886 /* Info.plist */ = {isa = PBXFileReference; lastKnownFileType = text.plist.xml; path = Info.plist; sourceTree = "<group>"; };
		D4683E661BF0486F00E02886 /* ggchatTests.xctest */ = {isa = PBXFileReference; explicitFileType = wrapper.cfbundle; includeInIndex = 0; path = ggchatTests.xctest; sourceTree = BUILT_PRODUCTS_DIR; };
		D4683E6A1BF0486F00E02886 /* ggchatTests.swift */ = {isa = PBXFileReference; lastKnownFileType = sourcecode.swift; path = ggchatTests.swift; sourceTree = "<group>"; };
		D4683E6C1BF0486F00E02886 /* Info.plist */ = {isa = PBXFileReference; lastKnownFileType = text.plist.xml; path = Info.plist; sourceTree = "<group>"; };
		D4683E711BF0486F00E02886 /* ggchatUITests.xctest */ = {isa = PBXFileReference; explicitFileType = wrapper.cfbundle; includeInIndex = 0; path = ggchatUITests.xctest; sourceTree = BUILT_PRODUCTS_DIR; };
		D4683E751BF0486F00E02886 /* ggchatUITests.swift */ = {isa = PBXFileReference; lastKnownFileType = sourcecode.swift; path = ggchatUITests.swift; sourceTree = "<group>"; };
		D4683E771BF0486F00E02886 /* Info.plist */ = {isa = PBXFileReference; lastKnownFileType = text.plist.xml; path = Info.plist; sourceTree = "<group>"; };
		D4683E851BF0494B00E02886 /* Message.swift */ = {isa = PBXFileReference; fileEncoding = 4; lastKnownFileType = sourcecode.swift; path = Message.swift; sourceTree = "<group>"; };
		D4683E891BF04C6C00E02886 /* MessageMediaData.swift */ = {isa = PBXFileReference; fileEncoding = 4; lastKnownFileType = sourcecode.swift; path = MessageMediaData.swift; sourceTree = "<group>"; };
		D4683E911BF050A200E02886 /* MessagesCollectionView.swift */ = {isa = PBXFileReference; fileEncoding = 4; lastKnownFileType = sourcecode.swift; path = MessagesCollectionView.swift; sourceTree = "<group>"; };
		D478409E1BF067D300441A2D /* MessageBubbleImage.swift */ = {isa = PBXFileReference; fileEncoding = 4; lastKnownFileType = sourcecode.swift; path = MessageBubbleImage.swift; sourceTree = "<group>"; };
		D47840A01BF0684200441A2D /* MessageAvatarImage.swift */ = {isa = PBXFileReference; fileEncoding = 4; lastKnownFileType = sourcecode.swift; path = MessageAvatarImage.swift; sourceTree = "<group>"; };
		D47840A31BF176D900441A2D /* MessageBubbleImageFactory.swift */ = {isa = PBXFileReference; fileEncoding = 4; lastKnownFileType = sourcecode.swift; path = MessageBubbleImageFactory.swift; sourceTree = "<group>"; };
		D47840A61BF1AD8100441A2D /* UIColor+Messages.swift */ = {isa = PBXFileReference; fileEncoding = 4; lastKnownFileType = sourcecode.swift; path = "UIColor+Messages.swift"; sourceTree = "<group>"; };
		D47840A91BF1B67800441A2D /* UIImage+Messages.swift */ = {isa = PBXFileReference; fileEncoding = 4; lastKnownFileType = sourcecode.swift; path = "UIImage+Messages.swift"; sourceTree = "<group>"; };
		D47840AC1BF1B99C00441A2D /* GGMessagesAssets.bundle */ = {isa = PBXFileReference; lastKnownFileType = "wrapper.plug-in"; path = GGMessagesAssets.bundle; sourceTree = "<group>"; };
		D47840AF1BF1BA4A00441A2D /* NSBundle+Messages.swift */ = {isa = PBXFileReference; fileEncoding = 4; lastKnownFileType = sourcecode.swift; path = "NSBundle+Messages.swift"; sourceTree = "<group>"; };
		D4A9F4E31BF1E1BF00FA4444 /* MessageLabel.swift */ = {isa = PBXFileReference; fileEncoding = 4; lastKnownFileType = sourcecode.swift; path = MessageLabel.swift; sourceTree = "<group>"; };
		D4A9F4E51BF26CDE00FA4444 /* MessageCellTextView.swift */ = {isa = PBXFileReference; fileEncoding = 4; lastKnownFileType = sourcecode.swift; path = MessageCellTextView.swift; sourceTree = "<group>"; };
		D4A9F4E71BF2778A00FA4444 /* MessagesCollectionViewCell.swift */ = {isa = PBXFileReference; fileEncoding = 4; lastKnownFileType = sourcecode.swift; path = MessagesCollectionViewCell.swift; sourceTree = "<group>"; };
		D4A9F4ED1BF27A3C00FA4444 /* IncomingMessagesCollectionViewCell.swift */ = {isa = PBXFileReference; fileEncoding = 4; lastKnownFileType = sourcecode.swift; path = IncomingMessagesCollectionViewCell.swift; sourceTree = "<group>"; };
		D4A9F4EE1BF27A3C00FA4444 /* IncomingMessagesCollectionViewCell.xib */ = {isa = PBXFileReference; fileEncoding = 4; lastKnownFileType = file.xib; path = IncomingMessagesCollectionViewCell.xib; sourceTree = "<group>"; };
		D4A9F4F11BF2AF0100FA4444 /* OutgoingMessagesCollectionViewCell.swift */ = {isa = PBXFileReference; fileEncoding = 4; lastKnownFileType = sourcecode.swift; path = OutgoingMessagesCollectionViewCell.swift; sourceTree = "<group>"; };
		D4A9F4F21BF2AF0100FA4444 /* OutgoingMessagesCollectionViewCell.xib */ = {isa = PBXFileReference; fileEncoding = 4; lastKnownFileType = file.xib; path = OutgoingMessagesCollectionViewCell.xib; sourceTree = "<group>"; };
		D4A9F4F51BF2ED2A00FA4444 /* UIDevice+Messages.swift */ = {isa = PBXFileReference; fileEncoding = 4; lastKnownFileType = sourcecode.swift; path = "UIDevice+Messages.swift"; sourceTree = "<group>"; };
		D4A9F4F71BF2F36800FA4444 /* UIView+Messages.swift */ = {isa = PBXFileReference; fileEncoding = 4; lastKnownFileType = sourcecode.swift; path = "UIView+Messages.swift"; sourceTree = "<group>"; };
		D4A9F4F91BF2FB8900FA4444 /* GGModelData.swift */ = {isa = PBXFileReference; fileEncoding = 4; lastKnownFileType = sourcecode.swift; path = GGModelData.swift; sourceTree = "<group>"; };
		D4A9F4FB1BF31C8800FA4444 /* MessageAvatarImageFactory.swift */ = {isa = PBXFileReference; fileEncoding = 4; lastKnownFileType = sourcecode.swift; path = MessageAvatarImageFactory.swift; sourceTree = "<group>"; };
		D4A9F5061BF476E600FA4444 /* MessagesCollectionViewFlowLayout.swift */ = {isa = PBXFileReference; fileEncoding = 4; lastKnownFileType = sourcecode.swift; path = MessagesCollectionViewFlowLayout.swift; sourceTree = "<group>"; };
		D4A9F5081BF510E000FA4444 /* MessagesCollectionViewFlowLayoutInvalidationContext.swift */ = {isa = PBXFileReference; fileEncoding = 4; lastKnownFileType = sourcecode.swift; path = MessagesCollectionViewFlowLayoutInvalidationContext.swift; sourceTree = "<group>"; };
		D4A9F50A1BF52A1600FA4444 /* MessagesCollectionViewLayoutAttributes.swift */ = {isa = PBXFileReference; fileEncoding = 4; lastKnownFileType = sourcecode.swift; path = MessagesCollectionViewLayoutAttributes.swift; sourceTree = "<group>"; };
		D4A9F50C1BF52A7C00FA4444 /* MessageBubbleSizeCalculator.swift */ = {isa = PBXFileReference; fileEncoding = 4; lastKnownFileType = sourcecode.swift; path = MessageBubbleSizeCalculator.swift; sourceTree = "<group>"; };
		D4A9F5111BF9731300FA4444 /* MessageInputToolbar.swift */ = {isa = PBXFileReference; fileEncoding = 4; lastKnownFileType = sourcecode.swift; path = MessageInputToolbar.swift; sourceTree = "<group>"; };
		D4A9F51A1BFA95F500FA4444 /* MessageViewController.swift */ = {isa = PBXFileReference; fileEncoding = 4; lastKnownFileType = sourcecode.swift; path = MessageViewController.swift; sourceTree = "<group>"; };
		D4A9F51B1BFA95F500FA4444 /* MessageViewController.xib */ = {isa = PBXFileReference; fileEncoding = 4; lastKnownFileType = file.xib; path = MessageViewController.xib; sourceTree = "<group>"; };
		D4A9F51E1BFA9EAE00FA4444 /* GGMessageViewController.swift */ = {isa = PBXFileReference; fileEncoding = 4; lastKnownFileType = sourcecode.swift; path = GGMessageViewController.swift; sourceTree = "<group>"; };
		D4A9F5221BFBC22700FA4444 /* MessageTimestampFormatter.swift */ = {isa = PBXFileReference; fileEncoding = 4; lastKnownFileType = sourcecode.swift; path = MessageTimestampFormatter.swift; sourceTree = "<group>"; };
		D4A9F59D1BFC182600FA4444 /* MessageTypingIndicatorFooterView.swift */ = {isa = PBXFileReference; fileEncoding = 4; lastKnownFileType = sourcecode.swift; path = MessageTypingIndicatorFooterView.swift; sourceTree = "<group>"; };
		D4A9F59E1BFC182600FA4444 /* MessageTypingIndicatorFooterView.xib */ = {isa = PBXFileReference; fileEncoding = 4; lastKnownFileType = file.xib; path = MessageTypingIndicatorFooterView.xib; sourceTree = "<group>"; };
		D4A9F5A11BFC3B1F00FA4444 /* MessageLoadEarlierHeaderView.swift */ = {isa = PBXFileReference; fileEncoding = 4; lastKnownFileType = sourcecode.swift; path = MessageLoadEarlierHeaderView.swift; sourceTree = "<group>"; };
		D4A9F5A21BFC3B1F00FA4444 /* MessageLoadEarlierHeaderView.xib */ = {isa = PBXFileReference; fileEncoding = 4; lastKnownFileType = file.xib; path = MessageLoadEarlierHeaderView.xib; sourceTree = "<group>"; };
		D4A9F5A91BFC48BC00FA4444 /* MessageToolbarContentView.xib */ = {isa = PBXFileReference; fileEncoding = 4; lastKnownFileType = file.xib; path = MessageToolbarContentView.xib; sourceTree = "<group>"; };
		D4A9F5AB1BFC48CD00FA4444 /* MessageToolbarContentView.swift */ = {isa = PBXFileReference; fileEncoding = 4; lastKnownFileType = sourcecode.swift; path = MessageToolbarContentView.swift; sourceTree = "<group>"; };
		D4A9F5AD1BFC51C000FA4444 /* MessageComposerTextView.swift */ = {isa = PBXFileReference; fileEncoding = 4; lastKnownFileType = sourcecode.swift; path = MessageComposerTextView.swift; sourceTree = "<group>"; };
		D4A9F5AF1BFC59BD00FA4444 /* String+Messages.swift */ = {isa = PBXFileReference; fileEncoding = 4; lastKnownFileType = sourcecode.swift; path = "String+Messages.swift"; sourceTree = "<group>"; };
		D4A9F5B11BFCEE7900FA4444 /* MessageToolbarButtonFactory.swift */ = {isa = PBXFileReference; fileEncoding = 4; lastKnownFileType = sourcecode.swift; path = MessageToolbarButtonFactory.swift; sourceTree = "<group>"; };
/* End PBXFileReference section */

/* Begin PBXFrameworksBuildPhase section */
		D4683E4F1BF0486F00E02886 /* Frameworks */ = {
			isa = PBXFrameworksBuildPhase;
			buildActionMask = 2147483647;
			files = (
			);
			runOnlyForDeploymentPostprocessing = 0;
		};
		D4683E631BF0486F00E02886 /* Frameworks */ = {
			isa = PBXFrameworksBuildPhase;
			buildActionMask = 2147483647;
			files = (
			);
			runOnlyForDeploymentPostprocessing = 0;
		};
		D4683E6E1BF0486F00E02886 /* Frameworks */ = {
			isa = PBXFrameworksBuildPhase;
			buildActionMask = 2147483647;
			files = (
			);
			runOnlyForDeploymentPostprocessing = 0;
		};
/* End PBXFrameworksBuildPhase section */

/* Begin PBXGroup section */
		D4683E491BF0486F00E02886 = {
			isa = PBXGroup;
			children = (
				D4683E541BF0486F00E02886 /* ggchat */,
				D4683E691BF0486F00E02886 /* ggchatTests */,
				D4683E741BF0486F00E02886 /* ggchatUITests */,
				D4683E531BF0486F00E02886 /* Products */,
			);
			sourceTree = "<group>";
		};
		D4683E531BF0486F00E02886 /* Products */ = {
			isa = PBXGroup;
			children = (
				D4683E521BF0486F00E02886 /* ggchat.app */,
				D4683E661BF0486F00E02886 /* ggchatTests.xctest */,
				D4683E711BF0486F00E02886 /* ggchatUITests.xctest */,
			);
			name = Products;
			sourceTree = "<group>";
		};
		D4683E541BF0486F00E02886 /* ggchat */ = {
			isa = PBXGroup;
			children = (
				D4A9F5051BF476BC00FA4444 /* Layouts */,
				D47840AB1BF1B99C00441A2D /* Assets */,
				D47840A51BF1AD6F00441A2D /* Categories */,
				D47840A21BF176C200441A2D /* Factories */,
				D4683E901BF0505F00E02886 /* Views */,
				D4683E8B1BF04F2600E02886 /* Controllers */,
				D4683E831BF048CC00E02886 /* Models */,
				D4683E551BF0486F00E02886 /* AppDelegate.swift */,
				D4683E571BF0486F00E02886 /* ViewController.swift */,
				D45FBD421BFDB1B300E79B4E /* GGConfig.swift */,
				D4A9F4F91BF2FB8900FA4444 /* GGModelData.swift */,
				D45FBD731C056A3F00E79B4E /* GGSettingData.swift */,
				D4A9F51E1BFA9EAE00FA4444 /* GGMessageViewController.swift */,
				D4683E591BF0486F00E02886 /* Main.storyboard */,
				D4683E5C1BF0486F00E02886 /* Assets.xcassets */,
				D4683E5E1BF0486F00E02886 /* LaunchScreen.storyboard */,
				D4683E611BF0486F00E02886 /* Info.plist */,
			);
			path = ggchat;
			sourceTree = "<group>";
		};
		D4683E691BF0486F00E02886 /* ggchatTests */ = {
			isa = PBXGroup;
			children = (
				D4683E6A1BF0486F00E02886 /* ggchatTests.swift */,
				D4683E6C1BF0486F00E02886 /* Info.plist */,
			);
			path = ggchatTests;
			sourceTree = "<group>";
		};
		D4683E741BF0486F00E02886 /* ggchatUITests */ = {
			isa = PBXGroup;
			children = (
				D4683E751BF0486F00E02886 /* ggchatUITests.swift */,
				D4683E771BF0486F00E02886 /* Info.plist */,
			);
			path = ggchatUITests;
			sourceTree = "<group>";
		};
		D4683E831BF048CC00E02886 /* Models */ = {
			isa = PBXGroup;
			children = (
				D4683E851BF0494B00E02886 /* Message.swift */,
				D4683E891BF04C6C00E02886 /* MessageMediaData.swift */,
				D478409E1BF067D300441A2D /* MessageBubbleImage.swift */,
				D47840A01BF0684200441A2D /* MessageAvatarImage.swift */,
				D45FBD441BFE894F00E79B4E /* MediaItem.swift */,
				D45FBD501BFED00500E79B4E /* VideoMediaItem.swift */,
				D45FBD461BFE910D00E79B4E /* PhotoMediaItem.swift */,
				D45FBD4E1BFEB4A600E79B4E /* LocationMediaItem.swift */,
				D45FBD5B1BFFC9B100E79B4E /* Chat.swift */,
				D45FBD6D1C05525200E79B4E /* Contact.swift */,
				D45FBD751C05721D00E79B4E /* Setting.swift */,
			);
			name = Models;
			sourceTree = "<group>";
		};
		D4683E8B1BF04F2600E02886 /* Controllers */ = {
			isa = PBXGroup;
			children = (
				D4A9F51A1BFA95F500FA4444 /* MessageViewController.swift */,
				D4A9F51B1BFA95F500FA4444 /* MessageViewController.xib */,
				D45FBD401BFD654100E79B4E /* MessageKeyboardController.swift */,
				D45FBD5D1C04432900E79B4E /* ChatTableViewController.swift */,
				D45FBD621C04972200E79B4E /* SettingTableViewController.swift */,
				D45FBD641C0497B300E79B4E /* ContactTableViewController.swift */,
				D45FBD661C05478400E79B4E /* NewMessageTableViewController.swift */,
			);
			name = Controllers;
			sourceTree = "<group>";
		};
		D4683E901BF0505F00E02886 /* Views */ = {
			isa = PBXGroup;
			children = (
				D4A9F4E31BF1E1BF00FA4444 /* MessageLabel.swift */,
				D4A9F5111BF9731300FA4444 /* MessageInputToolbar.swift */,
				D4A9F4E51BF26CDE00FA4444 /* MessageCellTextView.swift */,
				D4683E911BF050A200E02886 /* MessagesCollectionView.swift */,
				D4A9F4E71BF2778A00FA4444 /* MessagesCollectionViewCell.swift */,
				D4A9F4ED1BF27A3C00FA4444 /* IncomingMessagesCollectionViewCell.swift */,
				D4A9F4EE1BF27A3C00FA4444 /* IncomingMessagesCollectionViewCell.xib */,
				D4A9F4F11BF2AF0100FA4444 /* OutgoingMessagesCollectionViewCell.swift */,
				D4A9F4F21BF2AF0100FA4444 /* OutgoingMessagesCollectionViewCell.xib */,
				D4A9F59D1BFC182600FA4444 /* MessageTypingIndicatorFooterView.swift */,
				D4A9F59E1BFC182600FA4444 /* MessageTypingIndicatorFooterView.xib */,
				D4A9F5A11BFC3B1F00FA4444 /* MessageLoadEarlierHeaderView.swift */,
				D4A9F5A21BFC3B1F00FA4444 /* MessageLoadEarlierHeaderView.xib */,
				D4A9F5A91BFC48BC00FA4444 /* MessageToolbarContentView.xib */,
				D4A9F5AB1BFC48CD00FA4444 /* MessageToolbarContentView.swift */,
				D4A9F5AD1BFC51C000FA4444 /* MessageComposerTextView.swift */,
				D45FBD4C1BFE9E3400E79B4E /* MessageMediaPlaceholderView.swift */,
				D45FBD5F1C0443E000E79B4E /* ChatTableViewCell.swift */,
				D45FBD681C05499000E79B4E /* ContactTableViewCell.swift */,
				D45FBD691C05499000E79B4E /* ContactTableViewCell.xib */,
				D45FBD711C0561D500E79B4E /* SettingTableViewCell.swift */,
				D45FBD771C05754400E79B4E /* SettingTableHeaderCell.swift */,
			);
			name = Views;
			sourceTree = "<group>";
		};
		D47840A21BF176C200441A2D /* Factories */ = {
			isa = PBXGroup;
			children = (
				D47840A31BF176D900441A2D /* MessageBubbleImageFactory.swift */,
				D4A9F4FB1BF31C8800FA4444 /* MessageAvatarImageFactory.swift */,
				D4A9F5221BFBC22700FA4444 /* MessageTimestampFormatter.swift */,
				D4A9F5B11BFCEE7900FA4444 /* MessageToolbarButtonFactory.swift */,
				D45FBD481BFE9AB700E79B4E /* MessageMediaViewBubbleImageMasker.swift */,
			);
			name = Factories;
			sourceTree = "<group>";
		};
		D47840A51BF1AD6F00441A2D /* Categories */ = {
			isa = PBXGroup;
			children = (
				D47840A61BF1AD8100441A2D /* UIColor+Messages.swift */,
				D47840A91BF1B67800441A2D /* UIImage+Messages.swift */,
				D47840AF1BF1BA4A00441A2D /* NSBundle+Messages.swift */,
				D4A9F4F51BF2ED2A00FA4444 /* UIDevice+Messages.swift */,
				D4A9F4F71BF2F36800FA4444 /* UIView+Messages.swift */,
				D4A9F5AF1BFC59BD00FA4444 /* String+Messages.swift */,
			);
			name = Categories;
			sourceTree = "<group>";
		};
		D47840AB1BF1B99C00441A2D /* Assets */ = {
			isa = PBXGroup;
			children = (
				D47840AC1BF1B99C00441A2D /* GGMessagesAssets.bundle */,
			);
			path = Assets;
			sourceTree = "<group>";
		};
		D4A9F5051BF476BC00FA4444 /* Layouts */ = {
			isa = PBXGroup;
			children = (
				D4A9F5061BF476E600FA4444 /* MessagesCollectionViewFlowLayout.swift */,
				D4A9F5081BF510E000FA4444 /* MessagesCollectionViewFlowLayoutInvalidationContext.swift */,
				D4A9F50A1BF52A1600FA4444 /* MessagesCollectionViewLayoutAttributes.swift */,
				D4A9F50C1BF52A7C00FA4444 /* MessageBubbleSizeCalculator.swift */,
			);
			name = Layouts;
			sourceTree = "<group>";
		};
/* End PBXGroup section */

/* Begin PBXNativeTarget section */
		D4683E511BF0486F00E02886 /* ggchat */ = {
			isa = PBXNativeTarget;
			buildConfigurationList = D4683E7A1BF0486F00E02886 /* Build configuration list for PBXNativeTarget "ggchat" */;
			buildPhases = (
				D4683E4E1BF0486F00E02886 /* Sources */,
				D4683E4F1BF0486F00E02886 /* Frameworks */,
				D4683E501BF0486F00E02886 /* Resources */,
			);
			buildRules = (
			);
			dependencies = (
			);
			name = ggchat;
			productName = ggchat;
			productReference = D4683E521BF0486F00E02886 /* ggchat.app */;
			productType = "com.apple.product-type.application";
		};
		D4683E651BF0486F00E02886 /* ggchatTests */ = {
			isa = PBXNativeTarget;
			buildConfigurationList = D4683E7D1BF0486F00E02886 /* Build configuration list for PBXNativeTarget "ggchatTests" */;
			buildPhases = (
				D4683E621BF0486F00E02886 /* Sources */,
				D4683E631BF0486F00E02886 /* Frameworks */,
				D4683E641BF0486F00E02886 /* Resources */,
			);
			buildRules = (
			);
			dependencies = (
				D4683E681BF0486F00E02886 /* PBXTargetDependency */,
			);
			name = ggchatTests;
			productName = ggchatTests;
			productReference = D4683E661BF0486F00E02886 /* ggchatTests.xctest */;
			productType = "com.apple.product-type.bundle.unit-test";
		};
		D4683E701BF0486F00E02886 /* ggchatUITests */ = {
			isa = PBXNativeTarget;
			buildConfigurationList = D4683E801BF0486F00E02886 /* Build configuration list for PBXNativeTarget "ggchatUITests" */;
			buildPhases = (
				D4683E6D1BF0486F00E02886 /* Sources */,
				D4683E6E1BF0486F00E02886 /* Frameworks */,
				D4683E6F1BF0486F00E02886 /* Resources */,
			);
			buildRules = (
			);
			dependencies = (
				D4683E731BF0486F00E02886 /* PBXTargetDependency */,
			);
			name = ggchatUITests;
			productName = ggchatUITests;
			productReference = D4683E711BF0486F00E02886 /* ggchatUITests.xctest */;
			productType = "com.apple.product-type.bundle.ui-testing";
		};
/* End PBXNativeTarget section */

/* Begin PBXProject section */
		D4683E4A1BF0486F00E02886 /* Project object */ = {
			isa = PBXProject;
			attributes = {
				LastSwiftUpdateCheck = 0710;
				LastUpgradeCheck = 0710;
				ORGANIZATIONNAME = Blub;
				TargetAttributes = {
					D4683E511BF0486F00E02886 = {
						CreatedOnToolsVersion = 7.1;
						DevelopmentTeam = 366VR48A29;
					};
					D4683E651BF0486F00E02886 = {
						CreatedOnToolsVersion = 7.1;
						DevelopmentTeam = 366VR48A29;
						TestTargetID = D4683E511BF0486F00E02886;
					};
					D4683E701BF0486F00E02886 = {
						CreatedOnToolsVersion = 7.1;
						DevelopmentTeam = 366VR48A29;
						TestTargetID = D4683E511BF0486F00E02886;
					};
				};
			};
			buildConfigurationList = D4683E4D1BF0486F00E02886 /* Build configuration list for PBXProject "ggchat" */;
			compatibilityVersion = "Xcode 3.2";
			developmentRegion = English;
			hasScannedForEncodings = 0;
			knownRegions = (
				en,
				Base,
			);
			mainGroup = D4683E491BF0486F00E02886;
			productRefGroup = D4683E531BF0486F00E02886 /* Products */;
			projectDirPath = "";
			projectRoot = "";
			targets = (
				D4683E511BF0486F00E02886 /* ggchat */,
				D4683E651BF0486F00E02886 /* ggchatTests */,
				D4683E701BF0486F00E02886 /* ggchatUITests */,
			);
		};
/* End PBXProject section */

/* Begin PBXResourcesBuildPhase section */
		D4683E501BF0486F00E02886 /* Resources */ = {
			isa = PBXResourcesBuildPhase;
			buildActionMask = 2147483647;
			files = (
				D45FBD6C1C054EE200E79B4E /* ContactTableViewCell.xib in Resources */,
				D45FBD3F1BFD024100E79B4E /* MessageToolbarContentView.xib in Resources */,
				D4683E601BF0486F00E02886 /* LaunchScreen.storyboard in Resources */,
				D4A9F4F01BF27A3C00FA4444 /* IncomingMessagesCollectionViewCell.xib in Resources */,
				D47840AD1BF1B99C00441A2D /* GGMessagesAssets.bundle in Resources */,
				D4683E5D1BF0486F00E02886 /* Assets.xcassets in Resources */,
				D4A9F5A01BFC182600FA4444 /* MessageTypingIndicatorFooterView.xib in Resources */,
				D4A9F4F41BF2AF0100FA4444 /* OutgoingMessagesCollectionViewCell.xib in Resources */,
				D4A9F5A41BFC3B1F00FA4444 /* MessageLoadEarlierHeaderView.xib in Resources */,
				D4A9F51D1BFA95F500FA4444 /* MessageViewController.xib in Resources */,
				D4683E5B1BF0486F00E02886 /* Main.storyboard in Resources */,
			);
			runOnlyForDeploymentPostprocessing = 0;
		};
		D4683E641BF0486F00E02886 /* Resources */ = {
			isa = PBXResourcesBuildPhase;
			buildActionMask = 2147483647;
			files = (
			);
			runOnlyForDeploymentPostprocessing = 0;
		};
		D4683E6F1BF0486F00E02886 /* Resources */ = {
			isa = PBXResourcesBuildPhase;
			buildActionMask = 2147483647;
			files = (
			);
			runOnlyForDeploymentPostprocessing = 0;
		};
/* End PBXResourcesBuildPhase section */

/* Begin PBXSourcesBuildPhase section */
		D4683E4E1BF0486F00E02886 /* Sources */ = {
			isa = PBXSourcesBuildPhase;
			buildActionMask = 2147483647;
			files = (
				D4A9F4E41BF1E1BF00FA4444 /* MessageLabel.swift in Sources */,
				D45FBD431BFDB1B300E79B4E /* GGConfig.swift in Sources */,
				D45FBD6E1C05525200E79B4E /* Contact.swift in Sources */,
				D47840A11BF0684200441A2D /* MessageAvatarImage.swift in Sources */,
				D45FBD741C056A3F00E79B4E /* GGSettingData.swift in Sources */,
				D4A9F50B1BF52A1600FA4444 /* MessagesCollectionViewLayoutAttributes.swift in Sources */,
				D45FBD671C05478400E79B4E /* NewMessageTableViewController.swift in Sources */,
				D4A9F5231BFBC22700FA4444 /* MessageTimestampFormatter.swift in Sources */,
				D4A9F5071BF476E600FA4444 /* MessagesCollectionViewFlowLayout.swift in Sources */,
				D4A9F5AE1BFC51C000FA4444 /* MessageComposerTextView.swift in Sources */,
				D45FBD411BFD654100E79B4E /* MessageKeyboardController.swift in Sources */,
				D4A9F5B21BFCEE7900FA4444 /* MessageToolbarButtonFactory.swift in Sources */,
				D4A9F4EF1BF27A3C00FA4444 /* IncomingMessagesCollectionViewCell.swift in Sources */,
				D45FBD6A1C05499000E79B4E /* ContactTableViewCell.swift in Sources */,
				D4A9F4F61BF2ED2A00FA4444 /* UIDevice+Messages.swift in Sources */,
				D4A9F51C1BFA95F500FA4444 /* MessageViewController.swift in Sources */,
				D45FBD781C05754400E79B4E /* SettingTableHeaderCell.swift in Sources */,
				D4A9F5091BF510E000FA4444 /* MessagesCollectionViewFlowLayoutInvalidationContext.swift in Sources */,
				D45FBD5C1BFFC9B100E79B4E /* Chat.swift in Sources */,
				D4A9F4FC1BF31C8800FA4444 /* MessageAvatarImageFactory.swift in Sources */,
				D47840B01BF1BA4A00441A2D /* NSBundle+Messages.swift in Sources */,
				D4A9F5121BF9731300FA4444 /* MessageInputToolbar.swift in Sources */,
				D4A9F4E81BF2778A00FA4444 /* MessagesCollectionViewCell.swift in Sources */,
				D47840A71BF1AD8100441A2D /* UIColor+Messages.swift in Sources */,
				D45FBD4F1BFEB4A600E79B4E /* LocationMediaItem.swift in Sources */,
				D47840A41BF176D900441A2D /* MessageBubbleImageFactory.swift in Sources */,
				D4683E861BF0494B00E02886 /* Message.swift in Sources */,
				D45FBD511BFED00500E79B4E /* VideoMediaItem.swift in Sources */,
				D45FBD491BFE9AB700E79B4E /* MessageMediaViewBubbleImageMasker.swift in Sources */,
				D45FBD721C0561D500E79B4E /* SettingTableViewCell.swift in Sources */,
				D47840AA1BF1B67800441A2D /* UIImage+Messages.swift in Sources */,
				D4A9F4F31BF2AF0100FA4444 /* OutgoingMessagesCollectionViewCell.swift in Sources */,
				D4683E921BF050A200E02886 /* MessagesCollectionView.swift in Sources */,
				D4683E581BF0486F00E02886 /* ViewController.swift in Sources */,
				D478409F1BF067D300441A2D /* MessageBubbleImage.swift in Sources */,
				D4A9F4E61BF26CDE00FA4444 /* MessageCellTextView.swift in Sources */,
				D4A9F59F1BFC182600FA4444 /* MessageTypingIndicatorFooterView.swift in Sources */,
				D4A9F5A31BFC3B1F00FA4444 /* MessageLoadEarlierHeaderView.swift in Sources */,
				D45FBD761C05721D00E79B4E /* Setting.swift in Sources */,
				D45FBD4D1BFE9E3400E79B4E /* MessageMediaPlaceholderView.swift in Sources */,
				D4A9F50D1BF52A7C00FA4444 /* MessageBubbleSizeCalculator.swift in Sources */,
				D4A9F4F81BF2F36800FA4444 /* UIView+Messages.swift in Sources */,
				D4A9F4FA1BF2FB8900FA4444 /* GGModelData.swift in Sources */,
				D4683E561BF0486F00E02886 /* AppDelegate.swift in Sources */,
				D45FBD5E1C04432900E79B4E /* ChatTableViewController.swift in Sources */,
				D45FBD651C0497B300E79B4E /* ContactTableViewController.swift in Sources */,
				D45FBD631C04972200E79B4E /* SettingTableViewController.swift in Sources */,
				D45FBD451BFE894F00E79B4E /* MediaItem.swift in Sources */,
				D4A9F51F1BFA9EAE00FA4444 /* GGMessageViewController.swift in Sources */,
				D4683E8A1BF04C6C00E02886 /* MessageMediaData.swift in Sources */,
				D4A9F5B01BFC59BD00FA4444 /* String+Messages.swift in Sources */,
				D45FBD601C0443E000E79B4E /* ChatTableViewCell.swift in Sources */,
				D45FBD471BFE910D00E79B4E /* PhotoMediaItem.swift in Sources */,
				D4A9F5AC1BFC48CD00FA4444 /* MessageToolbarContentView.swift in Sources */,
			);
			runOnlyForDeploymentPostprocessing = 0;
		};
		D4683E621BF0486F00E02886 /* Sources */ = {
			isa = PBXSourcesBuildPhase;
			buildActionMask = 2147483647;
			files = (
				D4683E6B1BF0486F00E02886 /* ggchatTests.swift in Sources */,
			);
			runOnlyForDeploymentPostprocessing = 0;
		};
		D4683E6D1BF0486F00E02886 /* Sources */ = {
			isa = PBXSourcesBuildPhase;
			buildActionMask = 2147483647;
			files = (
				D4683E761BF0486F00E02886 /* ggchatUITests.swift in Sources */,
			);
			runOnlyForDeploymentPostprocessing = 0;
		};
/* End PBXSourcesBuildPhase section */

/* Begin PBXTargetDependency section */
		D4683E681BF0486F00E02886 /* PBXTargetDependency */ = {
			isa = PBXTargetDependency;
			target = D4683E511BF0486F00E02886 /* ggchat */;
			targetProxy = D4683E671BF0486F00E02886 /* PBXContainerItemProxy */;
		};
		D4683E731BF0486F00E02886 /* PBXTargetDependency */ = {
			isa = PBXTargetDependency;
			target = D4683E511BF0486F00E02886 /* ggchat */;
			targetProxy = D4683E721BF0486F00E02886 /* PBXContainerItemProxy */;
		};
/* End PBXTargetDependency section */

/* Begin PBXVariantGroup section */
		D4683E591BF0486F00E02886 /* Main.storyboard */ = {
			isa = PBXVariantGroup;
			children = (
				D4683E5A1BF0486F00E02886 /* Base */,
			);
			name = Main.storyboard;
			sourceTree = "<group>";
		};
		D4683E5E1BF0486F00E02886 /* LaunchScreen.storyboard */ = {
			isa = PBXVariantGroup;
			children = (
				D4683E5F1BF0486F00E02886 /* Base */,
			);
			name = LaunchScreen.storyboard;
			sourceTree = "<group>";
		};
/* End PBXVariantGroup section */

/* Begin XCBuildConfiguration section */
		D4683E781BF0486F00E02886 /* Debug */ = {
			isa = XCBuildConfiguration;
			buildSettings = {
				ALWAYS_SEARCH_USER_PATHS = NO;
				CLANG_CXX_LANGUAGE_STANDARD = "gnu++0x";
				CLANG_CXX_LIBRARY = "libc++";
				CLANG_ENABLE_MODULES = YES;
				CLANG_ENABLE_OBJC_ARC = YES;
				CLANG_WARN_BOOL_CONVERSION = YES;
				CLANG_WARN_CONSTANT_CONVERSION = YES;
				CLANG_WARN_DIRECT_OBJC_ISA_USAGE = YES_ERROR;
				CLANG_WARN_EMPTY_BODY = YES;
				CLANG_WARN_ENUM_CONVERSION = YES;
				CLANG_WARN_INT_CONVERSION = YES;
				CLANG_WARN_OBJC_ROOT_CLASS = YES_ERROR;
				CLANG_WARN_UNREACHABLE_CODE = YES;
				CLANG_WARN__DUPLICATE_METHOD_MATCH = YES;
				"CODE_SIGN_IDENTITY[sdk=iphoneos*]" = "iPhone Developer";
				COPY_PHASE_STRIP = NO;
				DEBUG_INFORMATION_FORMAT = dwarf;
				ENABLE_STRICT_OBJC_MSGSEND = YES;
				ENABLE_TESTABILITY = YES;
				GCC_C_LANGUAGE_STANDARD = gnu99;
				GCC_DYNAMIC_NO_PIC = NO;
				GCC_NO_COMMON_BLOCKS = YES;
				GCC_OPTIMIZATION_LEVEL = 0;
				GCC_PREPROCESSOR_DEFINITIONS = (
					"DEBUG=1",
					"$(inherited)",
				);
				GCC_WARN_64_TO_32_BIT_CONVERSION = YES;
				GCC_WARN_ABOUT_RETURN_TYPE = YES_ERROR;
				GCC_WARN_UNDECLARED_SELECTOR = YES;
				GCC_WARN_UNINITIALIZED_AUTOS = YES_AGGRESSIVE;
				GCC_WARN_UNUSED_FUNCTION = YES;
				GCC_WARN_UNUSED_VARIABLE = YES;
				IPHONEOS_DEPLOYMENT_TARGET = 9.1;
				MTL_ENABLE_DEBUG_INFO = YES;
				ONLY_ACTIVE_ARCH = YES;
				SDKROOT = iphoneos;
				SWIFT_OPTIMIZATION_LEVEL = "-Onone";
				TARGETED_DEVICE_FAMILY = "1,2";
			};
			name = Debug;
		};
		D4683E791BF0486F00E02886 /* Release */ = {
			isa = XCBuildConfiguration;
			buildSettings = {
				ALWAYS_SEARCH_USER_PATHS = NO;
				CLANG_CXX_LANGUAGE_STANDARD = "gnu++0x";
				CLANG_CXX_LIBRARY = "libc++";
				CLANG_ENABLE_MODULES = YES;
				CLANG_ENABLE_OBJC_ARC = YES;
				CLANG_WARN_BOOL_CONVERSION = YES;
				CLANG_WARN_CONSTANT_CONVERSION = YES;
				CLANG_WARN_DIRECT_OBJC_ISA_USAGE = YES_ERROR;
				CLANG_WARN_EMPTY_BODY = YES;
				CLANG_WARN_ENUM_CONVERSION = YES;
				CLANG_WARN_INT_CONVERSION = YES;
				CLANG_WARN_OBJC_ROOT_CLASS = YES_ERROR;
				CLANG_WARN_UNREACHABLE_CODE = YES;
				CLANG_WARN__DUPLICATE_METHOD_MATCH = YES;
				"CODE_SIGN_IDENTITY[sdk=iphoneos*]" = "iPhone Developer";
				COPY_PHASE_STRIP = NO;
				DEBUG_INFORMATION_FORMAT = "dwarf-with-dsym";
				ENABLE_NS_ASSERTIONS = NO;
				ENABLE_STRICT_OBJC_MSGSEND = YES;
				GCC_C_LANGUAGE_STANDARD = gnu99;
				GCC_NO_COMMON_BLOCKS = YES;
				GCC_WARN_64_TO_32_BIT_CONVERSION = YES;
				GCC_WARN_ABOUT_RETURN_TYPE = YES_ERROR;
				GCC_WARN_UNDECLARED_SELECTOR = YES;
				GCC_WARN_UNINITIALIZED_AUTOS = YES_AGGRESSIVE;
				GCC_WARN_UNUSED_FUNCTION = YES;
				GCC_WARN_UNUSED_VARIABLE = YES;
				IPHONEOS_DEPLOYMENT_TARGET = 9.1;
				MTL_ENABLE_DEBUG_INFO = NO;
				SDKROOT = iphoneos;
				TARGETED_DEVICE_FAMILY = "1,2";
				VALIDATE_PRODUCT = YES;
			};
			name = Release;
		};
		D4683E7B1BF0486F00E02886 /* Debug */ = {
			isa = XCBuildConfiguration;
			buildSettings = {
				ASSETCATALOG_COMPILER_APPICON_NAME = AppIcon;
				INFOPLIST_FILE = ggchat/Info.plist;
				LD_RUNPATH_SEARCH_PATHS = "$(inherited) @executable_path/Frameworks";
				PRODUCT_BUNDLE_IDENTIFIER = blub.ggchat;
				PRODUCT_NAME = "$(TARGET_NAME)";
			};
			name = Debug;
		};
		D4683E7C1BF0486F00E02886 /* Release */ = {
			isa = XCBuildConfiguration;
			buildSettings = {
				ASSETCATALOG_COMPILER_APPICON_NAME = AppIcon;
				INFOPLIST_FILE = ggchat/Info.plist;
				LD_RUNPATH_SEARCH_PATHS = "$(inherited) @executable_path/Frameworks";
				PRODUCT_BUNDLE_IDENTIFIER = blub.ggchat;
				PRODUCT_NAME = "$(TARGET_NAME)";
			};
			name = Release;
		};
		D4683E7E1BF0486F00E02886 /* Debug */ = {
			isa = XCBuildConfiguration;
			buildSettings = {
				BUNDLE_LOADER = "$(TEST_HOST)";
				INFOPLIST_FILE = ggchatTests/Info.plist;
				LD_RUNPATH_SEARCH_PATHS = "$(inherited) @executable_path/Frameworks @loader_path/Frameworks";
				PRODUCT_BUNDLE_IDENTIFIER = blub.ggchatTests;
				PRODUCT_NAME = "$(TARGET_NAME)";
				TEST_HOST = "$(BUILT_PRODUCTS_DIR)/ggchat.app/ggchat";
			};
			name = Debug;
		};
		D4683E7F1BF0486F00E02886 /* Release */ = {
			isa = XCBuildConfiguration;
			buildSettings = {
				BUNDLE_LOADER = "$(TEST_HOST)";
				INFOPLIST_FILE = ggchatTests/Info.plist;
				LD_RUNPATH_SEARCH_PATHS = "$(inherited) @executable_path/Frameworks @loader_path/Frameworks";
				PRODUCT_BUNDLE_IDENTIFIER = blub.ggchatTests;
				PRODUCT_NAME = "$(TARGET_NAME)";
				TEST_HOST = "$(BUILT_PRODUCTS_DIR)/ggchat.app/ggchat";
			};
			name = Release;
		};
		D4683E811BF0486F00E02886 /* Debug */ = {
			isa = XCBuildConfiguration;
			buildSettings = {
				INFOPLIST_FILE = ggchatUITests/Info.plist;
				LD_RUNPATH_SEARCH_PATHS = "$(inherited) @executable_path/Frameworks @loader_path/Frameworks";
				PRODUCT_BUNDLE_IDENTIFIER = blub.ggchatUITests;
				PRODUCT_NAME = "$(TARGET_NAME)";
				TEST_TARGET_NAME = ggchat;
				USES_XCTRUNNER = YES;
			};
			name = Debug;
		};
		D4683E821BF0486F00E02886 /* Release */ = {
			isa = XCBuildConfiguration;
			buildSettings = {
				INFOPLIST_FILE = ggchatUITests/Info.plist;
				LD_RUNPATH_SEARCH_PATHS = "$(inherited) @executable_path/Frameworks @loader_path/Frameworks";
				PRODUCT_BUNDLE_IDENTIFIER = blub.ggchatUITests;
				PRODUCT_NAME = "$(TARGET_NAME)";
				TEST_TARGET_NAME = ggchat;
				USES_XCTRUNNER = YES;
			};
			name = Release;
		};
/* End XCBuildConfiguration section */

/* Begin XCConfigurationList section */
		D4683E4D1BF0486F00E02886 /* Build configuration list for PBXProject "ggchat" */ = {
			isa = XCConfigurationList;
			buildConfigurations = (
				D4683E781BF0486F00E02886 /* Debug */,
				D4683E791BF0486F00E02886 /* Release */,
			);
			defaultConfigurationIsVisible = 0;
			defaultConfigurationName = Release;
		};
		D4683E7A1BF0486F00E02886 /* Build configuration list for PBXNativeTarget "ggchat" */ = {
			isa = XCConfigurationList;
			buildConfigurations = (
				D4683E7B1BF0486F00E02886 /* Debug */,
				D4683E7C1BF0486F00E02886 /* Release */,
			);
			defaultConfigurationIsVisible = 0;
			defaultConfigurationName = Release;
		};
		D4683E7D1BF0486F00E02886 /* Build configuration list for PBXNativeTarget "ggchatTests" */ = {
			isa = XCConfigurationList;
			buildConfigurations = (
				D4683E7E1BF0486F00E02886 /* Debug */,
				D4683E7F1BF0486F00E02886 /* Release */,
			);
			defaultConfigurationIsVisible = 0;
			defaultConfigurationName = Release;
		};
		D4683E801BF0486F00E02886 /* Build configuration list for PBXNativeTarget "ggchatUITests" */ = {
			isa = XCConfigurationList;
			buildConfigurations = (
				D4683E811BF0486F00E02886 /* Debug */,
				D4683E821BF0486F00E02886 /* Release */,
			);
			defaultConfigurationIsVisible = 0;
			defaultConfigurationName = Release;
		};
/* End XCConfigurationList section */
	};
	rootObject = D4683E4A1BF0486F00E02886 /* Project object */;
}
